
Microsoft Visual Studio Solution File, Format Version 12.00
# Visual Studio Version 16
VisualStudioVersion = 16.0.31005.135
MinimumVisualStudioVersion = 10.0.40219.1
Project("{FAE04EC0-301F-11D3-BF4B-00C04F79EFBC}") = "SigmaOrganizationExperience.ApiGateway", "SigmaOrganizationExperience.ApiGateway\SigmaOrganizationExperience.ApiGateway.csproj", "{C25719E4-0BF1-44BD-AEE5-6BB5BDF44916}"
EndProject
Global
	GlobalSection(SolutionConfigurationPlatforms) = preSolution
		Debug|Any CPU = Debug|Any CPU
		Release|Any CPU = Release|Any CPU
	EndGlobalSection
	GlobalSection(ProjectConfigurationPlatforms) = postSolution
		{C25719E4-0BF1-44BD-AEE5-6BB5BDF44916}.Debug|Any CPU.ActiveCfg = Debug|Any CPU
		{C25719E4-0BF1-44BD-AEE5-6BB5BDF44916}.Debug|Any CPU.Build.0 = Debug|Any CPU
		{C25719E4-0BF1-44BD-AEE5-6BB5BDF44916}.Release|Any CPU.ActiveCfg = Release|Any CPU
		{C25719E4-0BF1-44BD-AEE5-6BB5BDF44916}.Release|Any CPU.Build.0 = Release|Any CPU
	EndGlobalSection
	GlobalSection(SolutionProperties) = preSolution
		HideSolutionNode = FALSE
	EndGlobalSection
	GlobalSection(ExtensibilityGlobals) = postSolution
		SolutionGuid = {03783DED-AE02-4B91-BCC4-EF2586560950}
	EndGlobalSection
EndGlobal
